
Microsoft Visual Studio Solution File, Format Version 12.00
# Visual Studio Version 16
VisualStudioVersion = 16.0.29728.190
MinimumVisualStudioVersion = 10.0.40219.1
Project("{2150E333-8FDC-42A3-9474-1A3956D46DE8}") = "src", "src", "{3AEC5D2B-13D9-4FAC-B351-DC4753A05237}"
EndProject
Project("{2150E333-8FDC-42A3-9474-1A3956D46DE8}") = "samples", "samples", "{AC1FB70A-E777-4786-B224-2C1DA264F0E7}"
EndProject
Project("{2150E333-8FDC-42A3-9474-1A3956D46DE8}") = "misc", "misc", "{4E2659A8-C75A-4EFA-969E-E8F37FD6950A}"
	ProjectSection(SolutionItems) = preProject
		README.md = README.md
	EndProjectSection
EndProject
Project("{2150E333-8FDC-42A3-9474-1A3956D46DE8}") = "Domain", "Domain", "{01FF9385-E5B4-4599-BE22-D81109717A9A}"
EndProject
Project("{2150E333-8FDC-42A3-9474-1A3956D46DE8}") = "Infrastructure.Bus", "Infrastructure.Bus", "{5893934D-2AF8-46E9-95FB-104DF6E7A252}"
EndProject
Project("{2150E333-8FDC-42A3-9474-1A3956D46DE8}") = "Infrastructure.IoC", "Infrastructure.IoC", "{3AD5185E-9D98-4BDE-8F54-5E13E9B2B2E0}"
EndProject
Project("{2150E333-8FDC-42A3-9474-1A3956D46DE8}") = "Microservices", "Microservices", "{C8FF3B07-9632-4E8C-9D80-9C686E7B3632}"
EndProject
Project("{2150E333-8FDC-42A3-9474-1A3956D46DE8}") = "Presentation", "Presentation", "{40B057E4-6E52-4EB4-9A92-5A913B6B81A3}"
EndProject
Project("{2150E333-8FDC-42A3-9474-1A3956D46DE8}") = "ProducerConsumerRabbitMQ", "ProducerConsumerRabbitMQ", "{751E74FF-982D-478C-B9BA-C8249E5F7FA2}"
EndProject
Project("{9A19103F-16F7-4668-BE54-9A1E7A4F7556}") = "Producer", "samples\ProducerConsumerRabbitMQ\Producer\Producer.csproj", "{5571B8B2-4482-4ADB-B3AE-969799E66D19}"
EndProject
Project("{9A19103F-16F7-4668-BE54-9A1E7A4F7556}") = "Consumer", "samples\ProducerConsumerRabbitMQ\Consumer\Consumer.csproj", "{F35D9FC3-05D9-4BC4-8A8A-B732499D0836}"
EndProject
Project("{9A19103F-16F7-4668-BE54-9A1E7A4F7556}") = "MicroRabbit.Domain.Core", "src\Domain\MicroRabbit.Domain.Core\MicroRabbit.Domain.Core.csproj", "{B1A257D3-298D-4498-B313-3ED26D5F283C}"
EndProject
Project("{9A19103F-16F7-4668-BE54-9A1E7A4F7556}") = "MicroRabbit.Infrastructure.Bus", "src\Infrastructure.Bus\MicroRabbit.Infrastructure.Bus\MicroRabbit.Infrastructure.Bus.csproj", "{D22722ED-7605-4382-9823-879256444264}"
EndProject
Project("{FAE04EC0-301F-11D3-BF4B-00C04F79EFBC}") = "MicroRabbit.Infrastructure.IoC", "src\Infrastructure.IoC\MicroRabbit.Infrastructure.IoC\MicroRabbit.Infrastructure.IoC.csproj", "{66B63F42-D3DA-4DC1-9789-1DDD0CF480E5}"
EndProject
Global
	GlobalSection(SolutionConfigurationPlatforms) = preSolution
		Debug|Any CPU = Debug|Any CPU
		Release|Any CPU = Release|Any CPU
	EndGlobalSection
	GlobalSection(ProjectConfigurationPlatforms) = postSolution
		{5571B8B2-4482-4ADB-B3AE-969799E66D19}.Debug|Any CPU.ActiveCfg = Debug|Any CPU
		{5571B8B2-4482-4ADB-B3AE-969799E66D19}.Debug|Any CPU.Build.0 = Debug|Any CPU
		{5571B8B2-4482-4ADB-B3AE-969799E66D19}.Release|Any CPU.ActiveCfg = Release|Any CPU
		{5571B8B2-4482-4ADB-B3AE-969799E66D19}.Release|Any CPU.Build.0 = Release|Any CPU
		{F35D9FC3-05D9-4BC4-8A8A-B732499D0836}.Debug|Any CPU.ActiveCfg = Debug|Any CPU
		{F35D9FC3-05D9-4BC4-8A8A-B732499D0836}.Debug|Any CPU.Build.0 = Debug|Any CPU
		{F35D9FC3-05D9-4BC4-8A8A-B732499D0836}.Release|Any CPU.ActiveCfg = Release|Any CPU
		{F35D9FC3-05D9-4BC4-8A8A-B732499D0836}.Release|Any CPU.Build.0 = Release|Any CPU
		{B1A257D3-298D-4498-B313-3ED26D5F283C}.Debug|Any CPU.ActiveCfg = Debug|Any CPU
		{B1A257D3-298D-4498-B313-3ED26D5F283C}.Debug|Any CPU.Build.0 = Debug|Any CPU
		{B1A257D3-298D-4498-B313-3ED26D5F283C}.Release|Any CPU.ActiveCfg = Release|Any CPU
		{B1A257D3-298D-4498-B313-3ED26D5F283C}.Release|Any CPU.Build.0 = Release|Any CPU
		{D22722ED-7605-4382-9823-879256444264}.Debug|Any CPU.ActiveCfg = Debug|Any CPU
		{D22722ED-7605-4382-9823-879256444264}.Debug|Any CPU.Build.0 = Debug|Any CPU
		{D22722ED-7605-4382-9823-879256444264}.Release|Any CPU.ActiveCfg = Release|Any CPU
		{D22722ED-7605-4382-9823-879256444264}.Release|Any CPU.Build.0 = Release|Any CPU
		{66B63F42-D3DA-4DC1-9789-1DDD0CF480E5}.Debug|Any CPU.ActiveCfg = Debug|Any CPU
		{66B63F42-D3DA-4DC1-9789-1DDD0CF480E5}.Debug|Any CPU.Build.0 = Debug|Any CPU
		{66B63F42-D3DA-4DC1-9789-1DDD0CF480E5}.Release|Any CPU.ActiveCfg = Release|Any CPU
		{66B63F42-D3DA-4DC1-9789-1DDD0CF480E5}.Release|Any CPU.Build.0 = Release|Any CPU
	EndGlobalSection
	GlobalSection(SolutionProperties) = preSolution
		HideSolutionNode = FALSE
	EndGlobalSection
	GlobalSection(NestedProjects) = preSolution
		{01FF9385-E5B4-4599-BE22-D81109717A9A} = {3AEC5D2B-13D9-4FAC-B351-DC4753A05237}
		{5893934D-2AF8-46E9-95FB-104DF6E7A252} = {3AEC5D2B-13D9-4FAC-B351-DC4753A05237}
		{3AD5185E-9D98-4BDE-8F54-5E13E9B2B2E0} = {3AEC5D2B-13D9-4FAC-B351-DC4753A05237}
		{C8FF3B07-9632-4E8C-9D80-9C686E7B3632} = {3AEC5D2B-13D9-4FAC-B351-DC4753A05237}
		{40B057E4-6E52-4EB4-9A92-5A913B6B81A3} = {3AEC5D2B-13D9-4FAC-B351-DC4753A05237}
		{751E74FF-982D-478C-B9BA-C8249E5F7FA2} = {AC1FB70A-E777-4786-B224-2C1DA264F0E7}
		{5571B8B2-4482-4ADB-B3AE-969799E66D19} = {751E74FF-982D-478C-B9BA-C8249E5F7FA2}
		{F35D9FC3-05D9-4BC4-8A8A-B732499D0836} = {751E74FF-982D-478C-B9BA-C8249E5F7FA2}
		{B1A257D3-298D-4498-B313-3ED26D5F283C} = {01FF9385-E5B4-4599-BE22-D81109717A9A}
		{D22722ED-7605-4382-9823-879256444264} = {5893934D-2AF8-46E9-95FB-104DF6E7A252}
		{66B63F42-D3DA-4DC1-9789-1DDD0CF480E5} = {3AD5185E-9D98-4BDE-8F54-5E13E9B2B2E0}
	EndGlobalSection
	GlobalSection(ExtensibilityGlobals) = postSolution
		SolutionGuid = {3C3C25BB-7A2F-4582-8B56-FFDA9F8B679B}
	EndGlobalSection
EndGlobal
